// !$*UTF8*$!
{
	archiveVersion = 1;
	classes = {
	};
	objectVersion = 47;
	objects = {

/* Begin PBXBuildFile section */
		877B6B1F1BB9F15B0062D697 /* s3md5.swift in Sources */ = {isa = PBXBuildFile; fileRef = 877B6B1E1BB9F15B0062D697 /* s3md5.swift */; };
		877B6B211BB9F1760062D697 /* main.swift in Sources */ = {isa = PBXBuildFile; fileRef = 877B6B201BB9F1760062D697 /* main.swift */; };
/* End PBXBuildFile section */

/* Begin PBXCopyFilesBuildPhase section */
		877B6B121BB9F13D0062D697 /* CopyFiles */ = {
			isa = PBXCopyFilesBuildPhase;
			buildActionMask = 2147483647;
			dstPath = /usr/share/man/man1/;
			dstSubfolderSpec = 0;
			files = (
			);
			runOnlyForDeploymentPostprocessing = 1;
		};
/* End PBXCopyFilesBuildPhase section */

/* Begin PBXFileReference section */
		875EAAD61BB9F9200044D111 /* Bridging-Header.h */ = {isa = PBXFileReference; lastKnownFileType = sourcecode.c.h; path = "Bridging-Header.h"; sourceTree = "<group>"; };
		877B6B141BB9F13D0062D697 /* s3md5 */ = {isa = PBXFileReference; explicitFileType = "compiled.mach-o.executable"; includeInIndex = 0; path = s3md5; sourceTree = BUILT_PRODUCTS_DIR; };
		877B6B1E1BB9F15B0062D697 /* s3md5.swift */ = {isa = PBXFileReference; fileEncoding = 4; lastKnownFileType = sourcecode.swift; path = s3md5.swift; sourceTree = "<group>"; };
		877B6B201BB9F1760062D697 /* main.swift */ = {isa = PBXFileReference; fileEncoding = 4; lastKnownFileType = sourcecode.swift; path = main.swift; sourceTree = "<group>"; };
/* End PBXFileReference section */

/* Begin PBXFrameworksBuildPhase section */
		877B6B111BB9F13D0062D697 /* Frameworks */ = {
			isa = PBXFrameworksBuildPhase;
			buildActionMask = 2147483647;
			files = (
			);
			runOnlyForDeploymentPostprocessing = 0;
		};
/* End PBXFrameworksBuildPhase section */

/* Begin PBXGroup section */
		877B6B0B1BB9F13D0062D697 = {
			isa = PBXGroup;
			children = (
				877B6B161BB9F13D0062D697 /* s3md5 */,
				877B6B151BB9F13D0062D697 /* Products */,
			);
			indentWidth = 2;
			sourceTree = "<group>";
			tabWidth = 2;
		};
		877B6B151BB9F13D0062D697 /* Products */ = {
			isa = PBXGroup;
			children = (
				877B6B141BB9F13D0062D697 /* s3md5 */,
			);
			name = Products;
			sourceTree = "<group>";
		};
		877B6B161BB9F13D0062D697 /* s3md5 */ = {
			isa = PBXGroup;
			children = (
				877B6B201BB9F1760062D697 /* main.swift */,
				877B6B1E1BB9F15B0062D697 /* s3md5.swift */,
				875EAAD61BB9F9200044D111 /* Bridging-Header.h */,
			);
			path = s3md5;
			sourceTree = "<group>";
		};
/* End PBXGroup section */

/* Begin PBXNativeTarget section */
		877B6B131BB9F13D0062D697 /* s3md5 */ = {
			isa = PBXNativeTarget;
			buildConfigurationList = 877B6B1B1BB9F13D0062D697 /* Build configuration list for PBXNativeTarget "s3md5" */;
			buildPhases = (
				877B6B101BB9F13D0062D697 /* Sources */,
				877B6B111BB9F13D0062D697 /* Frameworks */,
				877B6B121BB9F13D0062D697 /* CopyFiles */,
			);
			buildRules = (
			);
			dependencies = (
			);
			name = s3md5;
			productName = s3md5;
			productReference = 877B6B141BB9F13D0062D697 /* s3md5 */;
			productType = "com.apple.product-type.tool";
		};
/* End PBXNativeTarget section */

/* Begin PBXProject section */
		877B6B0C1BB9F13D0062D697 /* Project object */ = {
			isa = PBXProject;
			attributes = {
				LastSwiftUpdateCheck = 0700;
				LastUpgradeCheck = 0700;
				ORGANIZATIONNAME = "Robert Rossmann";
				TargetAttributes = {
					877B6B131BB9F13D0062D697 = {
						CreatedOnToolsVersion = 6.4;
					};
				};
			};
			buildConfigurationList = 877B6B0F1BB9F13D0062D697 /* Build configuration list for PBXProject "s3md5" */;
			compatibilityVersion = "Xcode 6.3";
			developmentRegion = English;
			hasScannedForEncodings = 0;
			knownRegions = (
				en,
			);
			mainGroup = 877B6B0B1BB9F13D0062D697;
			productRefGroup = 877B6B151BB9F13D0062D697 /* Products */;
			projectDirPath = "";
			projectRoot = "";
			targets = (
				877B6B131BB9F13D0062D697 /* s3md5 */,
			);
		};
/* End PBXProject section */

/* Begin PBXSourcesBuildPhase section */
		877B6B101BB9F13D0062D697 /* Sources */ = {
			isa = PBXSourcesBuildPhase;
			buildActionMask = 2147483647;
			files = (
				877B6B211BB9F1760062D697 /* main.swift in Sources */,
				877B6B1F1BB9F15B0062D697 /* s3md5.swift in Sources */,
			);
			runOnlyForDeploymentPostprocessing = 0;
		};
/* End PBXSourcesBuildPhase section */

/* Begin XCBuildConfiguration section */
		877B6B191BB9F13D0062D697 /* Debug */ = {
			isa = XCBuildConfiguration;
			buildSettings = {
				ALWAYS_SEARCH_USER_PATHS = NO;
				CLANG_CXX_LANGUAGE_STANDARD = "gnu++0x";
				CLANG_CXX_LIBRARY = "libc++";
				CLANG_ENABLE_MODULES = YES;
				CLANG_ENABLE_OBJC_ARC = YES;
				CLANG_WARN_BOOL_CONVERSION = YES;
				CLANG_WARN_CONSTANT_CONVERSION = YES;
				CLANG_WARN_DIRECT_OBJC_ISA_USAGE = YES_ERROR;
				CLANG_WARN_EMPTY_BODY = YES;
				CLANG_WARN_ENUM_CONVERSION = YES;
				CLANG_WARN_INT_CONVERSION = YES;
				CLANG_WARN_OBJC_ROOT_CLASS = YES_ERROR;
				CLANG_WARN_UNREACHABLE_CODE = YES;
				CLANG_WARN__DUPLICATE_METHOD_MATCH = YES;
				COPY_PHASE_STRIP = NO;
				DEBUG_INFORMATION_FORMAT = dwarf;
				ENABLE_STRICT_OBJC_MSGSEND = YES;
				ENABLE_TESTABILITY = YES;
				GCC_C_LANGUAGE_STANDARD = gnu99;
				GCC_DYNAMIC_NO_PIC = NO;
				GCC_NO_COMMON_BLOCKS = YES;
				GCC_OPTIMIZATION_LEVEL = 0;
				GCC_PREPROCESSOR_DEFINITIONS = (
					"DEBUG=1",
					"$(inherited)",
				);
				GCC_SYMBOLS_PRIVATE_EXTERN = NO;
				GCC_WARN_64_TO_32_BIT_CONVERSION = YES;
				GCC_WARN_ABOUT_RETURN_TYPE = YES_ERROR;
				GCC_WARN_UNDECLARED_SELECTOR = YES;
				GCC_WARN_UNINITIALIZED_AUTOS = YES_AGGRESSIVE;
				GCC_WARN_UNUSED_FUNCTION = YES;
				GCC_WARN_UNUSED_VARIABLE = YES;
				MACOSX_DEPLOYMENT_TARGET = 10.11;
				MTL_ENABLE_DEBUG_INFO = YES;
				ONLY_ACTIVE_ARCH = YES;
				SDKROOT = macosx;
				SWIFT_OPTIMIZATION_LEVEL = "-Onone";
			};
			name = Debug;
		};
		877B6B1A1BB9F13D0062D697 /* Release */ = {
			isa = XCBuildConfiguration;
			buildSettings = {
				ALWAYS_SEARCH_USER_PATHS = NO;
				CLANG_CXX_LANGUAGE_STANDARD = "gnu++0x";
				CLANG_CXX_LIBRARY = "libc++";
				CLANG_ENABLE_MODULES = YES;
				CLANG_ENABLE_OBJC_ARC = YES;
				CLANG_WARN_BOOL_CONVERSION = YES;
				CLANG_WARN_CONSTANT_CONVERSION = YES;
				CLANG_WARN_DIRECT_OBJC_ISA_USAGE = YES_ERROR;
				CLANG_WARN_EMPTY_BODY = YES;
				CLANG_WARN_ENUM_CONVERSION = YES;
				CLANG_WARN_INT_CONVERSION = YES;
				CLANG_WARN_OBJC_ROOT_CLASS = YES_ERROR;
				CLANG_WARN_UNREACHABLE_CODE = YES;
				CLANG_WARN__DUPLICATE_METHOD_MATCH = YES;
				COPY_PHASE_STRIP = NO;
				DEBUG_INFORMATION_FORMAT = "dwarf-with-dsym";
				ENABLE_NS_ASSERTIONS = NO;
				ENABLE_STRICT_OBJC_MSGSEND = YES;
				GCC_C_LANGUAGE_STANDARD = gnu99;
				GCC_NO_COMMON_BLOCKS = YES;
				GCC_WARN_64_TO_32_BIT_CONVERSION = YES;
				GCC_WARN_ABOUT_RETURN_TYPE = YES_ERROR;
				GCC_WARN_UNDECLARED_SELECTOR = YES;
				GCC_WARN_UNINITIALIZED_AUTOS = YES_AGGRESSIVE;
				GCC_WARN_UNUSED_FUNCTION = YES;
				GCC_WARN_UNUSED_VARIABLE = YES;
				MACOSX_DEPLOYMENT_TARGET = 10.11;
				MTL_ENABLE_DEBUG_INFO = NO;
				SDKROOT = macosx;
			};
			name = Release;
		};
		877B6B1C1BB9F13D0062D697 /* Debug */ = {
			isa = XCBuildConfiguration;
			buildSettings = {
				PRODUCT_NAME = "$(TARGET_NAME)";
				SWIFT_OBJC_BRIDGING_HEADER = "s3md5/Bridging-Header.h";
			};
			name = Debug;
		};
		877B6B1D1BB9F13D0062D697 /* Release */ = {
			isa = XCBuildConfiguration;
			buildSettings = {
				PRODUCT_NAME = "$(TARGET_NAME)";
				SWIFT_OBJC_BRIDGING_HEADER = "s3md5/Bridging-Header.h";
			};
			name = Release;
		};
/* End XCBuildConfiguration section */

/* Begin XCConfigurationList section */
		877B6B0F1BB9F13D0062D697 /* Build configuration list for PBXProject "s3md5" */ = {
			isa = XCConfigurationList;
			buildConfigurations = (
				877B6B191BB9F13D0062D697 /* Debug */,
				877B6B1A1BB9F13D0062D697 /* Release */,
			);
			defaultConfigurationIsVisible = 0;
			defaultConfigurationName = Release;
		};
		877B6B1B1BB9F13D0062D697 /* Build configuration list for PBXNativeTarget "s3md5" */ = {
			isa = XCConfigurationList;
			buildConfigurations = (
				877B6B1C1BB9F13D0062D697 /* Debug */,
				877B6B1D1BB9F13D0062D697 /* Release */,
			);
			defaultConfigurationIsVisible = 0;
			defaultConfigurationName = Release;
		};
/* End XCConfigurationList section */
	};
	rootObject = 877B6B0C1BB9F13D0062D697 /* Project object */;
}
